
Microsoft Visual Studio Solution File, Format Version 12.00
# Visual Studio Version 17
VisualStudioVersion = 17.1.32421.90
MinimumVisualStudioVersion = 10.0.40219.1
Project("{FAE04EC0-301F-11D3-BF4B-00C04F79EFBC}") = "BricoNayonProject", "BricoNayonProject\BricoNayonProject.csproj", "{27EFC49D-D96B-4CE8-ACEE-3ABFCE2A8F86}"
EndProject
Global
	GlobalSection(SolutionConfigurationPlatforms) = preSolution
		Debug|Any CPU = Debug|Any CPU
		Release|Any CPU = Release|Any CPU
	EndGlobalSection
	GlobalSection(ProjectConfigurationPlatforms) = postSolution
		{27EFC49D-D96B-4CE8-ACEE-3ABFCE2A8F86}.Debug|Any CPU.ActiveCfg = Debug|Any CPU
		{27EFC49D-D96B-4CE8-ACEE-3ABFCE2A8F86}.Debug|Any CPU.Build.0 = Debug|Any CPU
		{27EFC49D-D96B-4CE8-ACEE-3ABFCE2A8F86}.Release|Any CPU.ActiveCfg = Release|Any CPU
		{27EFC49D-D96B-4CE8-ACEE-3ABFCE2A8F86}.Release|Any CPU.Build.0 = Release|Any CPU
	EndGlobalSection
	GlobalSection(SolutionProperties) = preSolution
		HideSolutionNode = FALSE
	EndGlobalSection
	GlobalSection(ExtensibilityGlobals) = postSolution
		SolutionGuid = {1C0ECBA2-8C98-4E79-BD53-F48F60A5139C}
	EndGlobalSection
EndGlobal
